{
  "nodes": {
    "home-manager": {
      "inputs": {
        "nixpkgs": [
          "nixpkgs"
        ]
      },
      "locked": {
        "lastModified": 1707170620,
        "narHash": "sha256-0LaSEAVyemXeFrhhz+071/0yx4ZKtTOgrReli7ciPMU=",
        "owner": "nix-community",
        "repo": "home-manager",
        "rev": "3c6f2dd59cb8c0b06ed1fe01f297e75bbaec3003",
        "type": "github"
      },
      "original": {
        "owner": "nix-community",
        "ref": "master",
        "repo": "home-manager",
        "type": "github"
      }
    },
    "nixpkgs": {
      "locked": {
        "lastModified": 1706913249,
        "narHash": "sha256-x3M7iV++CsvRXI1fpyFPduGELUckZEhSv0XWnUopAG8=",
        "owner": "NixOS",
        "repo": "nixpkgs",
        "rev": "e92b6015881907e698782c77641aa49298330223",
        "type": "github"
      },
      "original": {
        "id": "nixpkgs",
        "ref": "nixos-unstable",
        "type": "indirect"
      }
    },
    "root": {
      "inputs": {
        "home-manager": "home-manager",
        "nixpkgs": "nixpkgs"
      }
    }
  },
  "root": "root",
  "version": 7
}
